// !$*UTF8*$!
{
	archiveVersion = 1;
	classes = {
	};
	objectVersion = 55;
	objects = {

/* Begin PBXBuildFile section */
		AC40B451282A6A480077A2A4 /* TaskManagerApp.swift in Sources */ = {isa = PBXBuildFile; fileRef = AC40B450282A6A480077A2A4 /* TaskManagerApp.swift */; };
		AC40B453282A6A480077A2A4 /* ContentView.swift in Sources */ = {isa = PBXBuildFile; fileRef = AC40B452282A6A480077A2A4 /* ContentView.swift */; };
		AC40B455282A6A490077A2A4 /* Assets.xcassets in Resources */ = {isa = PBXBuildFile; fileRef = AC40B454282A6A490077A2A4 /* Assets.xcassets */; };
		AC40B458282A6A490077A2A4 /* Preview Assets.xcassets in Resources */ = {isa = PBXBuildFile; fileRef = AC40B457282A6A490077A2A4 /* Preview Assets.xcassets */; };
		AC40B45A282A6A490077A2A4 /* Persistence.swift in Sources */ = {isa = PBXBuildFile; fileRef = AC40B459282A6A490077A2A4 /* Persistence.swift */; };
		AC40B45D282A6A490077A2A4 /* TaskManager.xcdatamodeld in Sources */ = {isa = PBXBuildFile; fileRef = AC40B45B282A6A490077A2A4 /* TaskManager.xcdatamodeld */; };
		AC40B467282A6A490077A2A4 /* TaskManagerTests.swift in Sources */ = {isa = PBXBuildFile; fileRef = AC40B466282A6A490077A2A4 /* TaskManagerTests.swift */; };
		AC40B471282A6A490077A2A4 /* TaskManagerUITests.swift in Sources */ = {isa = PBXBuildFile; fileRef = AC40B470282A6A490077A2A4 /* TaskManagerUITests.swift */; };
		AC40B473282A6A490077A2A4 /* TaskManagerUITestsLaunchTests.swift in Sources */ = {isa = PBXBuildFile; fileRef = AC40B472282A6A490077A2A4 /* TaskManagerUITestsLaunchTests.swift */; };
		AC40B482282A6C510077A2A4 /* Home.swift in Sources */ = {isa = PBXBuildFile; fileRef = AC40B481282A6C510077A2A4 /* Home.swift */; };
		AC5AD7D42833B134006BA5E8 /* DynamicFilteredView.swift in Sources */ = {isa = PBXBuildFile; fileRef = AC5AD7D32833B134006BA5E8 /* DynamicFilteredView.swift */; };
		ACF565CD282A729C00D95A6A /* TaskViewModel.swift in Sources */ = {isa = PBXBuildFile; fileRef = ACF565CC282A729C00D95A6A /* TaskViewModel.swift */; };
		ACF565CF282A7C3200D95A6A /* AddNewTask.swift in Sources */ = {isa = PBXBuildFile; fileRef = ACF565CE282A7C3200D95A6A /* AddNewTask.swift */; };
/* End PBXBuildFile section */

/* Begin PBXContainerItemProxy section */
		AC40B463282A6A490077A2A4 /* PBXContainerItemProxy */ = {
			isa = PBXContainerItemProxy;
			containerPortal = AC40B445282A6A480077A2A4 /* Project object */;
			proxyType = 1;
			remoteGlobalIDString = AC40B44C282A6A480077A2A4;
			remoteInfo = TaskManager;
		};
		AC40B46D282A6A490077A2A4 /* PBXContainerItemProxy */ = {
			isa = PBXContainerItemProxy;
			containerPortal = AC40B445282A6A480077A2A4 /* Project object */;
			proxyType = 1;
			remoteGlobalIDString = AC40B44C282A6A480077A2A4;
			remoteInfo = TaskManager;
		};
/* End PBXContainerItemProxy section */

/* Begin PBXFileReference section */
		AC40B44D282A6A480077A2A4 /* TaskManager.app */ = {isa = PBXFileReference; explicitFileType = wrapper.application; includeInIndex = 0; path = TaskManager.app; sourceTree = BUILT_PRODUCTS_DIR; };
		AC40B450282A6A480077A2A4 /* TaskManagerApp.swift */ = {isa = PBXFileReference; lastKnownFileType = sourcecode.swift; path = TaskManagerApp.swift; sourceTree = "<group>"; };
		AC40B452282A6A480077A2A4 /* ContentView.swift */ = {isa = PBXFileReference; lastKnownFileType = sourcecode.swift; path = ContentView.swift; sourceTree = "<group>"; };
		AC40B454282A6A490077A2A4 /* Assets.xcassets */ = {isa = PBXFileReference; lastKnownFileType = folder.assetcatalog; path = Assets.xcassets; sourceTree = "<group>"; };
		AC40B457282A6A490077A2A4 /* Preview Assets.xcassets */ = {isa = PBXFileReference; lastKnownFileType = folder.assetcatalog; path = "Preview Assets.xcassets"; sourceTree = "<group>"; };
		AC40B459282A6A490077A2A4 /* Persistence.swift */ = {isa = PBXFileReference; lastKnownFileType = sourcecode.swift; path = Persistence.swift; sourceTree = "<group>"; };
		AC40B45C282A6A490077A2A4 /* TaskManager.xcdatamodel */ = {isa = PBXFileReference; lastKnownFileType = wrapper.xcdatamodel; path = TaskManager.xcdatamodel; sourceTree = "<group>"; };
		AC40B462282A6A490077A2A4 /* TaskManagerTests.xctest */ = {isa = PBXFileReference; explicitFileType = wrapper.cfbundle; includeInIndex = 0; path = TaskManagerTests.xctest; sourceTree = BUILT_PRODUCTS_DIR; };
		AC40B466282A6A490077A2A4 /* TaskManagerTests.swift */ = {isa = PBXFileReference; lastKnownFileType = sourcecode.swift; path = TaskManagerTests.swift; sourceTree = "<group>"; };
		AC40B46C282A6A490077A2A4 /* TaskManagerUITests.xctest */ = {isa = PBXFileReference; explicitFileType = wrapper.cfbundle; includeInIndex = 0; path = TaskManagerUITests.xctest; sourceTree = BUILT_PRODUCTS_DIR; };
		AC40B470282A6A490077A2A4 /* TaskManagerUITests.swift */ = {isa = PBXFileReference; lastKnownFileType = sourcecode.swift; path = TaskManagerUITests.swift; sourceTree = "<group>"; };
		AC40B472282A6A490077A2A4 /* TaskManagerUITestsLaunchTests.swift */ = {isa = PBXFileReference; lastKnownFileType = sourcecode.swift; path = TaskManagerUITestsLaunchTests.swift; sourceTree = "<group>"; };
		AC40B481282A6C510077A2A4 /* Home.swift */ = {isa = PBXFileReference; lastKnownFileType = sourcecode.swift; path = Home.swift; sourceTree = "<group>"; };
		AC5AD7D32833B134006BA5E8 /* DynamicFilteredView.swift */ = {isa = PBXFileReference; lastKnownFileType = sourcecode.swift; path = DynamicFilteredView.swift; sourceTree = "<group>"; };
		ACF565CC282A729C00D95A6A /* TaskViewModel.swift */ = {isa = PBXFileReference; lastKnownFileType = sourcecode.swift; path = TaskViewModel.swift; sourceTree = "<group>"; };
		ACF565CE282A7C3200D95A6A /* AddNewTask.swift */ = {isa = PBXFileReference; lastKnownFileType = sourcecode.swift; path = AddNewTask.swift; sourceTree = "<group>"; };
/* End PBXFileReference section */

/* Begin PBXFrameworksBuildPhase section */
		AC40B44A282A6A480077A2A4 /* Frameworks */ = {
			isa = PBXFrameworksBuildPhase;
			buildActionMask = 2147483647;
			files = (
			);
			runOnlyForDeploymentPostprocessing = 0;
		};
		AC40B45F282A6A490077A2A4 /* Frameworks */ = {
			isa = PBXFrameworksBuildPhase;
			buildActionMask = 2147483647;
			files = (
			);
			runOnlyForDeploymentPostprocessing = 0;
		};
		AC40B469282A6A490077A2A4 /* Frameworks */ = {
			isa = PBXFrameworksBuildPhase;
			buildActionMask = 2147483647;
			files = (
			);
			runOnlyForDeploymentPostprocessing = 0;
		};
/* End PBXFrameworksBuildPhase section */

/* Begin PBXGroup section */
		AC40B444282A6A480077A2A4 = {
			isa = PBXGroup;
			children = (
				AC40B44F282A6A480077A2A4 /* TaskManager */,
				AC40B465282A6A490077A2A4 /* TaskManagerTests */,
				AC40B46F282A6A490077A2A4 /* TaskManagerUITests */,
				AC40B44E282A6A480077A2A4 /* Products */,
			);
			sourceTree = "<group>";
		};
		AC40B44E282A6A480077A2A4 /* Products */ = {
			isa = PBXGroup;
			children = (
				AC40B44D282A6A480077A2A4 /* TaskManager.app */,
				AC40B462282A6A490077A2A4 /* TaskManagerTests.xctest */,
				AC40B46C282A6A490077A2A4 /* TaskManagerUITests.xctest */,
			);
			name = Products;
			sourceTree = "<group>";
		};
		AC40B44F282A6A480077A2A4 /* TaskManager */ = {
			isa = PBXGroup;
			children = (
				AC40B480282A6C370077A2A4 /* View */,
				AC40B47F282A6C1E0077A2A4 /* ViewModel */,
				AC40B450282A6A480077A2A4 /* TaskManagerApp.swift */,
				AC40B452282A6A480077A2A4 /* ContentView.swift */,
				AC40B454282A6A490077A2A4 /* Assets.xcassets */,
				AC40B459282A6A490077A2A4 /* Persistence.swift */,
				AC40B45B282A6A490077A2A4 /* TaskManager.xcdatamodeld */,
				AC40B456282A6A490077A2A4 /* Preview Content */,
			);
			path = TaskManager;
			sourceTree = "<group>";
		};
		AC40B456282A6A490077A2A4 /* Preview Content */ = {
			isa = PBXGroup;
			children = (
				AC40B457282A6A490077A2A4 /* Preview Assets.xcassets */,
			);
			path = "Preview Content";
			sourceTree = "<group>";
		};
		AC40B465282A6A490077A2A4 /* TaskManagerTests */ = {
			isa = PBXGroup;
			children = (
				AC40B466282A6A490077A2A4 /* TaskManagerTests.swift */,
			);
			path = TaskManagerTests;
			sourceTree = "<group>";
		};
		AC40B46F282A6A490077A2A4 /* TaskManagerUITests */ = {
			isa = PBXGroup;
			children = (
				AC40B470282A6A490077A2A4 /* TaskManagerUITests.swift */,
				AC40B472282A6A490077A2A4 /* TaskManagerUITestsLaunchTests.swift */,
			);
			path = TaskManagerUITests;
			sourceTree = "<group>";
		};
		AC40B47F282A6C1E0077A2A4 /* ViewModel */ = {
			isa = PBXGroup;
			children = (
				ACF565CC282A729C00D95A6A /* TaskViewModel.swift */,
			);
			path = ViewModel;
			sourceTree = "<group>";
		};
		AC40B480282A6C370077A2A4 /* View */ = {
			isa = PBXGroup;
			children = (
				AC40B481282A6C510077A2A4 /* Home.swift */,
				ACF565CE282A7C3200D95A6A /* AddNewTask.swift */,
				AC5AD7D32833B134006BA5E8 /* DynamicFilteredView.swift */,
			);
			path = View;
			sourceTree = "<group>";
		};
/* End PBXGroup section */

/* Begin PBXNativeTarget section */
		AC40B44C282A6A480077A2A4 /* TaskManager */ = {
			isa = PBXNativeTarget;
			buildConfigurationList = AC40B476282A6A490077A2A4 /* Build configuration list for PBXNativeTarget "TaskManager" */;
			buildPhases = (
				AC40B449282A6A480077A2A4 /* Sources */,
				AC40B44A282A6A480077A2A4 /* Frameworks */,
				AC40B44B282A6A480077A2A4 /* Resources */,
			);
			buildRules = (
			);
			dependencies = (
			);
			name = TaskManager;
			productName = TaskManager;
			productReference = AC40B44D282A6A480077A2A4 /* TaskManager.app */;
			productType = "com.apple.product-type.application";
		};
		AC40B461282A6A490077A2A4 /* TaskManagerTests */ = {
			isa = PBXNativeTarget;
			buildConfigurationList = AC40B479282A6A490077A2A4 /* Build configuration list for PBXNativeTarget "TaskManagerTests" */;
			buildPhases = (
				AC40B45E282A6A490077A2A4 /* Sources */,
				AC40B45F282A6A490077A2A4 /* Frameworks */,
				AC40B460282A6A490077A2A4 /* Resources */,
			);
			buildRules = (
			);
			dependencies = (
				AC40B464282A6A490077A2A4 /* PBXTargetDependency */,
			);
			name = TaskManagerTests;
			productName = TaskManagerTests;
			productReference = AC40B462282A6A490077A2A4 /* TaskManagerTests.xctest */;
			productType = "com.apple.product-type.bundle.unit-test";
		};
		AC40B46B282A6A490077A2A4 /* TaskManagerUITests */ = {
			isa = PBXNativeTarget;
			buildConfigurationList = AC40B47C282A6A490077A2A4 /* Build configuration list for PBXNativeTarget "TaskManagerUITests" */;
			buildPhases = (
				AC40B468282A6A490077A2A4 /* Sources */,
				AC40B469282A6A490077A2A4 /* Frameworks */,
				AC40B46A282A6A490077A2A4 /* Resources */,
			);
			buildRules = (
			);
			dependencies = (
				AC40B46E282A6A490077A2A4 /* PBXTargetDependency */,
			);
			name = TaskManagerUITests;
			productName = TaskManagerUITests;
			productReference = AC40B46C282A6A490077A2A4 /* TaskManagerUITests.xctest */;
			productType = "com.apple.product-type.bundle.ui-testing";
		};
/* End PBXNativeTarget section */

/* Begin PBXProject section */
		AC40B445282A6A480077A2A4 /* Project object */ = {
			isa = PBXProject;
			attributes = {
				BuildIndependentTargetsInParallel = 1;
				LastSwiftUpdateCheck = 1330;
				LastUpgradeCheck = 1330;
				TargetAttributes = {
					AC40B44C282A6A480077A2A4 = {
						CreatedOnToolsVersion = 13.3;
					};
					AC40B461282A6A490077A2A4 = {
						CreatedOnToolsVersion = 13.3;
						TestTargetID = AC40B44C282A6A480077A2A4;
					};
					AC40B46B282A6A490077A2A4 = {
						CreatedOnToolsVersion = 13.3;
						TestTargetID = AC40B44C282A6A480077A2A4;
					};
				};
			};
			buildConfigurationList = AC40B448282A6A480077A2A4 /* Build configuration list for PBXProject "TaskManager" */;
			compatibilityVersion = "Xcode 13.0";
			developmentRegion = en;
			hasScannedForEncodings = 0;
			knownRegions = (
				en,
				Base,
			);
			mainGroup = AC40B444282A6A480077A2A4;
			productRefGroup = AC40B44E282A6A480077A2A4 /* Products */;
			projectDirPath = "";
			projectRoot = "";
			targets = (
				AC40B44C282A6A480077A2A4 /* TaskManager */,
				AC40B461282A6A490077A2A4 /* TaskManagerTests */,
				AC40B46B282A6A490077A2A4 /* TaskManagerUITests */,
			);
		};
/* End PBXProject section */

/* Begin PBXResourcesBuildPhase section */
		AC40B44B282A6A480077A2A4 /* Resources */ = {
			isa = PBXResourcesBuildPhase;
			buildActionMask = 2147483647;
			files = (
				AC40B458282A6A490077A2A4 /* Preview Assets.xcassets in Resources */,
				AC40B455282A6A490077A2A4 /* Assets.xcassets in Resources */,
			);
			runOnlyForDeploymentPostprocessing = 0;
		};
		AC40B460282A6A490077A2A4 /* Resources */ = {
			isa = PBXResourcesBuildPhase;
			buildActionMask = 2147483647;
			files = (
			);
			runOnlyForDeploymentPostprocessing = 0;
		};
		AC40B46A282A6A490077A2A4 /* Resources */ = {
			isa = PBXResourcesBuildPhase;
			buildActionMask = 2147483647;
			files = (
			);
			runOnlyForDeploymentPostprocessing = 0;
		};
/* End PBXResourcesBuildPhase section */

/* Begin PBXSourcesBuildPhase section */
		AC40B449282A6A480077A2A4 /* Sources */ = {
			isa = PBXSourcesBuildPhase;
			buildActionMask = 2147483647;
			files = (
				AC40B45A282A6A490077A2A4 /* Persistence.swift in Sources */,
				ACF565CD282A729C00D95A6A /* TaskViewModel.swift in Sources */,
				AC40B453282A6A480077A2A4 /* ContentView.swift in Sources */,
				AC5AD7D42833B134006BA5E8 /* DynamicFilteredView.swift in Sources */,
				AC40B482282A6C510077A2A4 /* Home.swift in Sources */,
				ACF565CF282A7C3200D95A6A /* AddNewTask.swift in Sources */,
				AC40B45D282A6A490077A2A4 /* TaskManager.xcdatamodeld in Sources */,
				AC40B451282A6A480077A2A4 /* TaskManagerApp.swift in Sources */,
			);
			runOnlyForDeploymentPostprocessing = 0;
		};
		AC40B45E282A6A490077A2A4 /* Sources */ = {
			isa = PBXSourcesBuildPhase;
			buildActionMask = 2147483647;
			files = (
				AC40B467282A6A490077A2A4 /* TaskManagerTests.swift in Sources */,
			);
			runOnlyForDeploymentPostprocessing = 0;
		};
		AC40B468282A6A490077A2A4 /* Sources */ = {
			isa = PBXSourcesBuildPhase;
			buildActionMask = 2147483647;
			files = (
				AC40B471282A6A490077A2A4 /* TaskManagerUITests.swift in Sources */,
				AC40B473282A6A490077A2A4 /* TaskManagerUITestsLaunchTests.swift in Sources */,
			);
			runOnlyForDeploymentPostprocessing = 0;
		};
/* End PBXSourcesBuildPhase section */

/* Begin PBXTargetDependency section */
		AC40B464282A6A490077A2A4 /* PBXTargetDependency */ = {
			isa = PBXTargetDependency;
			target = AC40B44C282A6A480077A2A4 /* TaskManager */;
			targetProxy = AC40B463282A6A490077A2A4 /* PBXContainerItemProxy */;
		};
		AC40B46E282A6A490077A2A4 /* PBXTargetDependency */ = {
			isa = PBXTargetDependency;
			target = AC40B44C282A6A480077A2A4 /* TaskManager */;
			targetProxy = AC40B46D282A6A490077A2A4 /* PBXContainerItemProxy */;
		};
/* End PBXTargetDependency section */

/* Begin XCBuildConfiguration section */
		AC40B474282A6A490077A2A4 /* Debug */ = {
			isa = XCBuildConfiguration;
			buildSettings = {
				ALWAYS_SEARCH_USER_PATHS = NO;
				CLANG_ANALYZER_NONNULL = YES;
				CLANG_ANALYZER_NUMBER_OBJECT_CONVERSION = YES_AGGRESSIVE;
				CLANG_CXX_LANGUAGE_STANDARD = "gnu++17";
				CLANG_ENABLE_MODULES = YES;
				CLANG_ENABLE_OBJC_ARC = YES;
				CLANG_ENABLE_OBJC_WEAK = YES;
				CLANG_WARN_BLOCK_CAPTURE_AUTORELEASING = YES;
				CLANG_WARN_BOOL_CONVERSION = YES;
				CLANG_WARN_COMMA = YES;
				CLANG_WARN_CONSTANT_CONVERSION = YES;
				CLANG_WARN_DEPRECATED_OBJC_IMPLEMENTATIONS = YES;
				CLANG_WARN_DIRECT_OBJC_ISA_USAGE = YES_ERROR;
				CLANG_WARN_DOCUMENTATION_COMMENTS = YES;
				CLANG_WARN_EMPTY_BODY = YES;
				CLANG_WARN_ENUM_CONVERSION = YES;
				CLANG_WARN_INFINITE_RECURSION = YES;
				CLANG_WARN_INT_CONVERSION = YES;
				CLANG_WARN_NON_LITERAL_NULL_CONVERSION = YES;
				CLANG_WARN_OBJC_IMPLICIT_RETAIN_SELF = YES;
				CLANG_WARN_OBJC_LITERAL_CONVERSION = YES;
				CLANG_WARN_OBJC_ROOT_CLASS = YES_ERROR;
				CLANG_WARN_QUOTED_INCLUDE_IN_FRAMEWORK_HEADER = YES;
				CLANG_WARN_RANGE_LOOP_ANALYSIS = YES;
				CLANG_WARN_STRICT_PROTOTYPES = YES;
				CLANG_WARN_SUSPICIOUS_MOVE = YES;
				CLANG_WARN_UNGUARDED_AVAILABILITY = YES_AGGRESSIVE;
				CLANG_WARN_UNREACHABLE_CODE = YES;
				CLANG_WARN__DUPLICATE_METHOD_MATCH = YES;
				COPY_PHASE_STRIP = NO;
				DEBUG_INFORMATION_FORMAT = dwarf;
				ENABLE_STRICT_OBJC_MSGSEND = YES;
				ENABLE_TESTABILITY = YES;
				GCC_C_LANGUAGE_STANDARD = gnu11;
				GCC_DYNAMIC_NO_PIC = NO;
				GCC_NO_COMMON_BLOCKS = YES;
				GCC_OPTIMIZATION_LEVEL = 0;
				GCC_PREPROCESSOR_DEFINITIONS = (
					"DEBUG=1",
					"$(inherited)",
				);
				GCC_WARN_64_TO_32_BIT_CONVERSION = YES;
				GCC_WARN_ABOUT_RETURN_TYPE = YES_ERROR;
				GCC_WARN_UNDECLARED_SELECTOR = YES;
				GCC_WARN_UNINITIALIZED_AUTOS = YES_AGGRESSIVE;
				GCC_WARN_UNUSED_FUNCTION = YES;
				GCC_WARN_UNUSED_VARIABLE = YES;
				IPHONEOS_DEPLOYMENT_TARGET = 15.4;
				MTL_ENABLE_DEBUG_INFO = INCLUDE_SOURCE;
				MTL_FAST_MATH = YES;
				ONLY_ACTIVE_ARCH = YES;
				SDKROOT = iphoneos;
				SWIFT_ACTIVE_COMPILATION_CONDITIONS = DEBUG;
				SWIFT_OPTIMIZATION_LEVEL = "-Onone";
			};
			name = Debug;
		};
		AC40B475282A6A490077A2A4 /* Release */ = {
			isa = XCBuildConfiguration;
			buildSettings = {
				ALWAYS_SEARCH_USER_PATHS = NO;
				CLANG_ANALYZER_NONNULL = YES;
				CLANG_ANALYZER_NUMBER_OBJECT_CONVERSION = YES_AGGRESSIVE;
				CLANG_CXX_LANGUAGE_STANDARD = "gnu++17";
				CLANG_ENABLE_MODULES = YES;
				CLANG_ENABLE_OBJC_ARC = YES;
				CLANG_ENABLE_OBJC_WEAK = YES;
				CLANG_WARN_BLOCK_CAPTURE_AUTORELEASING = YES;
				CLANG_WARN_BOOL_CONVERSION = YES;
				CLANG_WARN_COMMA = YES;
				CLANG_WARN_CONSTANT_CONVERSION = YES;
				CLANG_WARN_DEPRECATED_OBJC_IMPLEMENTATIONS = YES;
				CLANG_WARN_DIRECT_OBJC_ISA_USAGE = YES_ERROR;
				CLANG_WARN_DOCUMENTATION_COMMENTS = YES;
				CLANG_WARN_EMPTY_BODY = YES;
				CLANG_WARN_ENUM_CONVERSION = YES;
				CLANG_WARN_INFINITE_RECURSION = YES;
				CLANG_WARN_INT_CONVERSION = YES;
				CLANG_WARN_NON_LITERAL_NULL_CONVERSION = YES;
				CLANG_WARN_OBJC_IMPLICIT_RETAIN_SELF = YES;
				CLANG_WARN_OBJC_LITERAL_CONVERSION = YES;
				CLANG_WARN_OBJC_ROOT_CLASS = YES_ERROR;
				CLANG_WARN_QUOTED_INCLUDE_IN_FRAMEWORK_HEADER = YES;
				CLANG_WARN_RANGE_LOOP_ANALYSIS = YES;
				CLANG_WARN_STRICT_PROTOTYPES = YES;
				CLANG_WARN_SUSPICIOUS_MOVE = YES;
				CLANG_WARN_UNGUARDED_AVAILABILITY = YES_AGGRESSIVE;
				CLANG_WARN_UNREACHABLE_CODE = YES;
				CLANG_WARN__DUPLICATE_METHOD_MATCH = YES;
				COPY_PHASE_STRIP = NO;
				DEBUG_INFORMATION_FORMAT = "dwarf-with-dsym";
				ENABLE_NS_ASSERTIONS = NO;
				ENABLE_STRICT_OBJC_MSGSEND = YES;
				GCC_C_LANGUAGE_STANDARD = gnu11;
				GCC_NO_COMMON_BLOCKS = YES;
				GCC_WARN_64_TO_32_BIT_CONVERSION = YES;
				GCC_WARN_ABOUT_RETURN_TYPE = YES_ERROR;
				GCC_WARN_UNDECLARED_SELECTOR = YES;
				GCC_WARN_UNINITIALIZED_AUTOS = YES_AGGRESSIVE;
				GCC_WARN_UNUSED_FUNCTION = YES;
				GCC_WARN_UNUSED_VARIABLE = YES;
				IPHONEOS_DEPLOYMENT_TARGET = 15.4;
				MTL_ENABLE_DEBUG_INFO = NO;
				MTL_FAST_MATH = YES;
				SDKROOT = iphoneos;
				SWIFT_COMPILATION_MODE = wholemodule;
				SWIFT_OPTIMIZATION_LEVEL = "-O";
				VALIDATE_PRODUCT = YES;
			};
			name = Release;
		};
		AC40B477282A6A490077A2A4 /* Debug */ = {
			isa = XCBuildConfiguration;
			buildSettings = {
				ASSETCATALOG_COMPILER_APPICON_NAME = AppIcon;
				ASSETCATALOG_COMPILER_GLOBAL_ACCENT_COLOR_NAME = AccentColor;
				CODE_SIGN_STYLE = Automatic;
				CURRENT_PROJECT_VERSION = 1;
				DEVELOPMENT_ASSET_PATHS = "\"TaskManager/Preview Content\"";
				DEVELOPMENT_TEAM = LU893QGJWJ;
				ENABLE_PREVIEWS = YES;
				GENERATE_INFOPLIST_FILE = YES;
				INFOPLIST_KEY_UIApplicationSceneManifest_Generation = YES;
				INFOPLIST_KEY_UIApplicationSupportsIndirectInputEvents = YES;
				INFOPLIST_KEY_UILaunchScreen_Generation = YES;
				INFOPLIST_KEY_UISupportedInterfaceOrientations_iPad = "UIInterfaceOrientationPortrait UIInterfaceOrientationPortraitUpsideDown UIInterfaceOrientationLandscapeLeft UIInterfaceOrientationLandscapeRight";
				INFOPLIST_KEY_UISupportedInterfaceOrientations_iPhone = "UIInterfaceOrientationPortrait UIInterfaceOrientationLandscapeLeft UIInterfaceOrientationLandscapeRight";
				LD_RUNPATH_SEARCH_PATHS = (
					"$(inherited)",
					"@executable_path/Frameworks",
				);
				MARKETING_VERSION = 1.0;
				PRODUCT_BUNDLE_IDENTIFIER = com.test.TaskManager;
				PRODUCT_NAME = "$(TARGET_NAME)";
				SWIFT_EMIT_LOC_STRINGS = YES;
				SWIFT_VERSION = 5.0;
				TARGETED_DEVICE_FAMILY = "1,2";
			};
			name = Debug;
		};
		AC40B478282A6A490077A2A4 /* Release */ = {
			isa = XCBuildConfiguration;
			buildSettings = {
				ASSETCATALOG_COMPILER_APPICON_NAME = AppIcon;
				ASSETCATALOG_COMPILER_GLOBAL_ACCENT_COLOR_NAME = AccentColor;
				CODE_SIGN_STYLE = Automatic;
				CURRENT_PROJECT_VERSION = 1;
				DEVELOPMENT_ASSET_PATHS = "\"TaskManager/Preview Content\"";
				DEVELOPMENT_TEAM = LU893QGJWJ;
				ENABLE_PREVIEWS = YES;
				GENERATE_INFOPLIST_FILE = YES;
				INFOPLIST_KEY_UIApplicationSceneManifest_Generation = YES;
				INFOPLIST_KEY_UIApplicationSupportsIndirectInputEvents = YES;
				INFOPLIST_KEY_UILaunchScreen_Generation = YES;
				INFOPLIST_KEY_UISupportedInterfaceOrientations_iPad = "UIInterfaceOrientationPortrait UIInterfaceOrientationPortraitUpsideDown UIInterfaceOrientationLandscapeLeft UIInterfaceOrientationLandscapeRight";
				INFOPLIST_KEY_UISupportedInterfaceOrientations_iPhone = "UIInterfaceOrientationPortrait UIInterfaceOrientationLandscapeLeft UIInterfaceOrientationLandscapeRight";
				LD_RUNPATH_SEARCH_PATHS = (
					"$(inherited)",
					"@executable_path/Frameworks",
				);
				MARKETING_VERSION = 1.0;
				PRODUCT_BUNDLE_IDENTIFIER = com.test.TaskManager;
				PRODUCT_NAME = "$(TARGET_NAME)";
				SWIFT_EMIT_LOC_STRINGS = YES;
				SWIFT_VERSION = 5.0;
				TARGETED_DEVICE_FAMILY = "1,2";
			};
			name = Release;
		};
		AC40B47A282A6A490077A2A4 /* Debug */ = {
			isa = XCBuildConfiguration;
			buildSettings = {
				ALWAYS_EMBED_SWIFT_STANDARD_LIBRARIES = YES;
				BUNDLE_LOADER = "$(TEST_HOST)";
				CODE_SIGN_STYLE = Automatic;
				CURRENT_PROJECT_VERSION = 1;
				DEVELOPMENT_TEAM = LU893QGJWJ;
				GENERATE_INFOPLIST_FILE = YES;
				IPHONEOS_DEPLOYMENT_TARGET = 15.4;
				MARKETING_VERSION = 1.0;
				PRODUCT_BUNDLE_IDENTIFIER = com.test.TaskManagerTests;
				PRODUCT_NAME = "$(TARGET_NAME)";
				SWIFT_EMIT_LOC_STRINGS = NO;
				SWIFT_VERSION = 5.0;
				TARGETED_DEVICE_FAMILY = "1,2";
				TEST_HOST = "$(BUILT_PRODUCTS_DIR)/TaskManager.app/TaskManager";
			};
			name = Debug;
		};
		AC40B47B282A6A490077A2A4 /* Release */ = {
			isa = XCBuildConfiguration;
			buildSettings = {
				ALWAYS_EMBED_SWIFT_STANDARD_LIBRARIES = YES;
				BUNDLE_LOADER = "$(TEST_HOST)";
				CODE_SIGN_STYLE = Automatic;
				CURRENT_PROJECT_VERSION = 1;
				DEVELOPMENT_TEAM = LU893QGJWJ;
				GENERATE_INFOPLIST_FILE = YES;
				IPHONEOS_DEPLOYMENT_TARGET = 15.4;
				MARKETING_VERSION = 1.0;
				PRODUCT_BUNDLE_IDENTIFIER = com.test.TaskManagerTests;
				PRODUCT_NAME = "$(TARGET_NAME)";
				SWIFT_EMIT_LOC_STRINGS = NO;
				SWIFT_VERSION = 5.0;
				TARGETED_DEVICE_FAMILY = "1,2";
				TEST_HOST = "$(BUILT_PRODUCTS_DIR)/TaskManager.app/TaskManager";
			};
			name = Release;
		};
		AC40B47D282A6A490077A2A4 /* Debug */ = {
			isa = XCBuildConfiguration;
			buildSettings = {
				ALWAYS_EMBED_SWIFT_STANDARD_LIBRARIES = YES;
				CODE_SIGN_STYLE = Automatic;
				CURRENT_PROJECT_VERSION = 1;
				DEVELOPMENT_TEAM = LU893QGJWJ;
				GENERATE_INFOPLIST_FILE = YES;
				MARKETING_VERSION = 1.0;
				PRODUCT_BUNDLE_IDENTIFIER = com.test.TaskManagerUITests;
				PRODUCT_NAME = "$(TARGET_NAME)";
				SWIFT_EMIT_LOC_STRINGS = NO;
				SWIFT_VERSION = 5.0;
				TARGETED_DEVICE_FAMILY = "1,2";
				TEST_TARGET_NAME = TaskManager;
			};
			name = Debug;
		};
		AC40B47E282A6A490077A2A4 /* Release */ = {
			isa = XCBuildConfiguration;
			buildSettings = {
				ALWAYS_EMBED_SWIFT_STANDARD_LIBRARIES = YES;
				CODE_SIGN_STYLE = Automatic;
				CURRENT_PROJECT_VERSION = 1;
				DEVELOPMENT_TEAM = LU893QGJWJ;
				GENERATE_INFOPLIST_FILE = YES;
				MARKETING_VERSION = 1.0;
				PRODUCT_BUNDLE_IDENTIFIER = com.test.TaskManagerUITests;
				PRODUCT_NAME = "$(TARGET_NAME)";
				SWIFT_EMIT_LOC_STRINGS = NO;
				SWIFT_VERSION = 5.0;
				TARGETED_DEVICE_FAMILY = "1,2";
				TEST_TARGET_NAME = TaskManager;
			};
			name = Release;
		};
/* End XCBuildConfiguration section */

/* Begin XCConfigurationList section */
		AC40B448282A6A480077A2A4 /* Build configuration list for PBXProject "TaskManager" */ = {
			isa = XCConfigurationList;
			buildConfigurations = (
				AC40B474282A6A490077A2A4 /* Debug */,
				AC40B475282A6A490077A2A4 /* Release */,
			);
			defaultConfigurationIsVisible = 0;
			defaultConfigurationName = Release;
		};
		AC40B476282A6A490077A2A4 /* Build configuration list for PBXNativeTarget "TaskManager" */ = {
			isa = XCConfigurationList;
			buildConfigurations = (
				AC40B477282A6A490077A2A4 /* Debug */,
				AC40B478282A6A490077A2A4 /* Release */,
			);
			defaultConfigurationIsVisible = 0;
			defaultConfigurationName = Release;
		};
		AC40B479282A6A490077A2A4 /* Build configuration list for PBXNativeTarget "TaskManagerTests" */ = {
			isa = XCConfigurationList;
			buildConfigurations = (
				AC40B47A282A6A490077A2A4 /* Debug */,
				AC40B47B282A6A490077A2A4 /* Release */,
			);
			defaultConfigurationIsVisible = 0;
			defaultConfigurationName = Release;
		};
		AC40B47C282A6A490077A2A4 /* Build configuration list for PBXNativeTarget "TaskManagerUITests" */ = {
			isa = XCConfigurationList;
			buildConfigurations = (
				AC40B47D282A6A490077A2A4 /* Debug */,
				AC40B47E282A6A490077A2A4 /* Release */,
			);
			defaultConfigurationIsVisible = 0;
			defaultConfigurationName = Release;
		};
/* End XCConfigurationList section */

/* Begin XCVersionGroup section */
		AC40B45B282A6A490077A2A4 /* TaskManager.xcdatamodeld */ = {
			isa = XCVersionGroup;
			children = (
				AC40B45C282A6A490077A2A4 /* TaskManager.xcdatamodel */,
			);
			currentVersion = AC40B45C282A6A490077A2A4 /* TaskManager.xcdatamodel */;
			path = TaskManager.xcdatamodeld;
			sourceTree = "<group>";
			versionGroupType = wrapper.xcdatamodel;
		};
/* End XCVersionGroup section */
	};
	rootObject = AC40B445282A6A480077A2A4 /* Project object */;
}
